
Microsoft Visual Studio Solution File, Format Version 12.00
# Visual Studio Version 17
VisualStudioVersion = 17.6.33801.468
MinimumVisualStudioVersion = 10.0.40219.1
Project("{9A19103F-16F7-4668-BE54-9A1E7A4F7556}") = "PrestamosWinForms", "PrestamosWinForms\PrestamosWinForms.csproj", "{F86CB27A-7783-4846-9A0C-91D16E494004}"
EndProject
Global
	GlobalSection(SolutionConfigurationPlatforms) = preSolution
		Debug|Any CPU = Debug|Any CPU
		Release|Any CPU = Release|Any CPU
	EndGlobalSection
	GlobalSection(ProjectConfigurationPlatforms) = postSolution
		{F86CB27A-7783-4846-9A0C-91D16E494004}.Debug|Any CPU.ActiveCfg = Debug|Any CPU
		{F86CB27A-7783-4846-9A0C-91D16E494004}.Debug|Any CPU.Build.0 = Debug|Any CPU
		{F86CB27A-7783-4846-9A0C-91D16E494004}.Release|Any CPU.ActiveCfg = Release|Any CPU
		{F86CB27A-7783-4846-9A0C-91D16E494004}.Release|Any CPU.Build.0 = Release|Any CPU
	EndGlobalSection
	GlobalSection(SolutionProperties) = preSolution
		HideSolutionNode = FALSE
	EndGlobalSection
	GlobalSection(ExtensibilityGlobals) = postSolution
		SolutionGuid = {3B4A33DE-E20A-44AA-B46B-CB4BDE8F25C5}
	EndGlobalSection
EndGlobal
